# The Practice Room — API

The backend that makes accounts and paid plans possible. It holds your AI provider
key, signs people in, counts what they use, and refuses to go over the cap.

Nothing secret ever reaches the browser.

```
POST /api/auth/request    { email }         → emails a 6-digit code
POST /api/auth/verify     { email, code }   → sets a session cookie
POST /api/auth/logout
GET  /api/me                                → plan, usage, cap
POST /api/billing/checkout                  → Stripe Checkout URL
POST /api/billing/portal                    → Stripe billing portal URL
POST /api/stripe/webhook                    → subscription state (Stripe calls this)
POST /api/chat                              → streamed reply, metered
GET  /api/health
```

---

## Before you start

You need four accounts. All have free tiers except the AI provider, which you now
pay for — that is the point of the exercise.

| | For | Cost |
|---|---|---|
| Cloudflare | Running the API and the database | Free tier is plenty |
| Resend | Sending sign-in codes | Free tier ~3,000 emails/month |
| Stripe | Taking payments | No monthly fee; they take a cut per transaction |
| Groq (or another provider) | The actual AI | Pay per token |

---

## Deploy, step by step

### 1. Install the tooling

```bash
cd api
npm install
npx wrangler login
```

### 2. Create the database

```bash
npx wrangler d1 create practiceroom
```

It prints a `database_id`. **Paste it into `wrangler.toml`**, replacing
`PASTE_YOUR_D1_DATABASE_ID_HERE`.

Then create the tables:

```bash
npx wrangler d1 execute practiceroom --remote --file=./schema.sql
```

### 3. Set your secrets

These are never written to a file. Run each one and paste the value when asked:

```bash
npx wrangler secret put AI_API_KEY            # your Groq/OpenAI/Anthropic key
npx wrangler secret put RESEND_API_KEY        # from resend.com/api-keys
npx wrangler secret put STRIPE_SECRET_KEY     # sk_test_... while testing
npx wrangler secret put STRIPE_PRICE_ID       # price_... (step 5)
npx wrangler secret put STRIPE_WEBHOOK_SECRET # whsec_... (step 6)
```

You can deploy before Stripe exists — accounts and the free plan work without it.
The upgrade button just says billing isn't switched on.

### 4. Deploy

```bash
npx wrangler deploy
```

It prints your API address, something like
`https://practiceroom-api.your-name.workers.dev`.

**Copy that URL into two files** — `account.html` and `roleplay.html` — replacing
the `API_BASE` line near the top of each script:

```js
const API_BASE = "https://practiceroom-api.your-name.workers.dev";
```

Upload both files to GitHub. Accounts are now live.

### 5. Create the paid plan in Stripe

1. Stripe Dashboard → **Product catalogue** → **Add product**
2. Name it (e.g. "Practice Room Pro"), set a recurring monthly price
3. Copy the **price ID** — it starts with `price_`
4. `npx wrangler secret put STRIPE_PRICE_ID`

### 6. Point Stripe at the webhook

1. Stripe Dashboard → **Webhooks** → **Add endpoint**
2. URL: `https://practiceroom-api.your-name.workers.dev/api/stripe/webhook`
3. Select these events, and only these:
   - `checkout.session.completed`
   - `customer.subscription.created`
   - `customer.subscription.updated`
   - `customer.subscription.deleted`
   - `invoice.paid`
4. Reveal the signing secret (`whsec_...`) and run
   `npx wrangler secret put STRIPE_WEBHOOK_SECRET`
5. `npx wrangler deploy` again

**Test it with a real card in test mode:** card `4242 4242 4242 4242`, any future
expiry, any CVC. Your plan on `/account.html` should flip to Pro within seconds.

### 7. Go live

Swap the Stripe test keys for live ones, create a **live-mode** webhook endpoint
(the signing secret is different), and `wrangler deploy`.

---

## Tuning what people get

`PLANS` at the top of `src/index.js`:

```js
const PLANS = {
  free: { messages: 30,   label: "Free" },
  pro:  { messages: 1500, label: "Pro"  }
};
```

A "message" is one thing the user says in a scene, plus the coaching at the end.
Thirty is roughly six or seven full scenes.

**Set these before you launch, not after.** Lowering a cap on people who already
pay is a bad day.

### Which model runs the paid service

In `wrangler.toml`:

```toml
AI_PROVIDER = "groq"
AI_BASE_URL = "https://api.groq.com/openai/v1"
AI_MODEL    = "llama-3.3-70b-versatile"
```

`AI_PROVIDER` accepts `groq`, `openrouter`, `openai`, `anthropic`, `gemini`.
The first three share the OpenAI request shape; the other two have their own,
and the Worker handles all three shapes.

---

## Watch your costs

This is the part that decides whether the business works.

**Check your provider spend weekly for the first month.** Every provider has a
usage dashboard. Compare it against how many people are actually paying. If a
single user is costing more than they pay, your caps are too high — fix it before
you have fifty of them.

Protections already in place:

- **A hard monthly cap per user**, checked before the API call, not after
- **The message is counted before the call**, so a crash can't be used to get free
  messages
- **Sign-in codes are rate-limited** — 5 per email and 20 per IP per hour
- **Request size limits** — 60 messages per conversation, 8,000 characters each
- **`max_tokens` clamped** to 1,024 whatever the browser asks for

What is *not* handled, and you should think about before you take real money:

- **No global spend ceiling.** If a thousand people sign up overnight, the caps
  hold per person but the total is unbounded. Set a billing alert with your
  provider.
- **No email verification beyond the code itself.** Someone can make accounts with
  throwaway addresses to farm free messages. If that starts happening, lower the
  free cap or require a card.
- **No audit log.** You can see usage totals, not what was said. That is
  deliberate for privacy, but it means abuse is harder to investigate.

---

## Legal, before you take money

Not optional, and not something I can do for you:

- **Terms of service and a privacy policy.** You store email addresses and usage
  counts, and you send conversations to a third-party AI provider. Say so.
- **Tax.** You are in Singapore. Find out whether GST applies to you at your
  expected revenue. Stripe Tax can calculate it, but registration is on you.
- **Refunds.** Decide the policy before someone asks.
- **Your provider's terms.** Check that building a paid product on their API is
  allowed — most permit it, but you should read it rather than assume.
- **What you promise.** "Unlimited" now means "up to your plan's cap". Make sure
  the site says the real number, because that is what people are buying.

---

## Local development

```bash
npx wrangler d1 execute practiceroom --local --file=./schema.sql
npx wrangler dev --local
```

Without `RESEND_API_KEY` set, sign-in codes are printed to the Worker log instead
of emailed, so you can sign in locally without sending real mail.

Put local secrets in `.dev.vars` (already in `.gitignore` — **keep it there**):

```
AI_API_KEY=...
STRIPE_SECRET_KEY=sk_test_...
STRIPE_WEBHOOK_SECRET=whsec_...
STRIPE_PRICE_ID=price_...
```

---

## If something breaks

**`not_signed_in` when signed in.** The session cookie is `SameSite=None; Secure`
because the site and API are on different hosts. It needs HTTPS on both ends, and
the browser must not be blocking third-party cookies. If you later put the API on
a subdomain of your own domain, you can relax this to `SameSite=Lax`.

**CORS errors.** `ALLOWED_ORIGINS` in `wrangler.toml` must exactly match the site
origin — no trailing slash. Add your custom domain when you have one.

**Stripe webhook returns 400.** Almost always the wrong signing secret — test and
live endpoints have different ones. Stripe's dashboard shows the response body.

**The plan doesn't update after payment.** Check the webhook's delivery log in
Stripe. If deliveries are failing, the plan will never change, because Checkout
succeeding and your database knowing about it are two separate things.
